
Microsoft Visual Studio Solution File, Format Version 11.00
# Visual Studio 2010
Project("{FAE04EC0-301F-11D3-BF4B-00C04F79EFBC}") = "Unity.XR.Hands.Samples.Gestures", "Unity.XR.Hands.Samples.Gestures.csproj", "{8c746504-003f-767e-d3e2-e519af6372d0}"
EndProject
Project("{FAE04EC0-301F-11D3-BF4B-00C04F79EFBC}") = "Assembly-CSharp", "Assembly-CSharp.csproj", "{d338830e-7395-a0ae-f0b9-e25a05ebf910}"
EndProject
Project("{FAE04EC0-301F-11D3-BF4B-00C04F79EFBC}") = "MagicLeap.SetupTool.Editor", "MagicLeap.SetupTool.Editor.csproj", "{79014003-9cb4-377a-a3c5-5c3565eb7fc5}"
EndProject
Project("{FAE04EC0-301F-11D3-BF4B-00C04F79EFBC}") = "Assembly-CSharp-Editor", "Assembly-CSharp-Editor.csproj", "{749b29b2-a0ce-99b8-761b-be69cf918580}"
EndProject
Project("{FAE04EC0-301F-11D3-BF4B-00C04F79EFBC}") = "ThirdParty.Bunny83.simpleJson", "ThirdParty.Bunny83.simpleJson.csproj", "{bad2acfe-34c7-cf99-49f9-3f76d0fb7ef8}"
EndProject
Project("{FAE04EC0-301F-11D3-BF4B-00C04F79EFBC}") = "Assembly-CSharp-firstpass", "Assembly-CSharp-firstpass.csproj", "{8aae9582-cf45-a510-ffe0-0ad36ca22feb}"
EndProject
Global
	GlobalSection(SolutionConfigurationPlatforms) = preSolution
		Debug|Any CPU = Debug|Any CPU
	EndGlobalSection
	GlobalSection(ProjectConfigurationPlatforms) = postSolution
		{8c746504-003f-767e-d3e2-e519af6372d0}.Debug|Any CPU.ActiveCfg = Debug|Any CPU
		{8c746504-003f-767e-d3e2-e519af6372d0}.Debug|Any CPU.Build.0 = Debug|Any CPU
		{d338830e-7395-a0ae-f0b9-e25a05ebf910}.Debug|Any CPU.ActiveCfg = Debug|Any CPU
		{d338830e-7395-a0ae-f0b9-e25a05ebf910}.Debug|Any CPU.Build.0 = Debug|Any CPU
		{79014003-9cb4-377a-a3c5-5c3565eb7fc5}.Debug|Any CPU.ActiveCfg = Debug|Any CPU
		{79014003-9cb4-377a-a3c5-5c3565eb7fc5}.Debug|Any CPU.Build.0 = Debug|Any CPU
		{749b29b2-a0ce-99b8-761b-be69cf918580}.Debug|Any CPU.ActiveCfg = Debug|Any CPU
		{749b29b2-a0ce-99b8-761b-be69cf918580}.Debug|Any CPU.Build.0 = Debug|Any CPU
		{bad2acfe-34c7-cf99-49f9-3f76d0fb7ef8}.Debug|Any CPU.ActiveCfg = Debug|Any CPU
		{bad2acfe-34c7-cf99-49f9-3f76d0fb7ef8}.Debug|Any CPU.Build.0 = Debug|Any CPU
		{8aae9582-cf45-a510-ffe0-0ad36ca22feb}.Debug|Any CPU.ActiveCfg = Debug|Any CPU
		{8aae9582-cf45-a510-ffe0-0ad36ca22feb}.Debug|Any CPU.Build.0 = Debug|Any CPU
	EndGlobalSection
	GlobalSection(SolutionProperties) = preSolution
		HideSolutionNode = FALSE
	EndGlobalSection
EndGlobal
